
Microsoft Visual Studio Solution File, Format Version 12.00
# Visual Studio 14
VisualStudioVersion = 14.0.23107.0
MinimumVisualStudioVersion = 10.0.40219.1
Project("{2150E333-8FDC-42A3-9474-1A3956D46DE8}") = "Engine", "Engine", "{9C374FCC-1A07-400E-B5FF-E9DA2C0073BF}"
EndProject
Project("{2150E333-8FDC-42A3-9474-1A3956D46DE8}") = "Games", "Games", "{26E5F4B9-1CCE-4233-838B-180635A5CCF5}"
EndProject
Project("{8BC9CEB8-8B4A-11D0-8D11-00A0C91BC942}") = "UE4", "Intermediate\ProjectFiles\UE4.vcxproj", "{F6FBE698-85A6-4E06-BA06-E48DC88490FD}"
EndProject
Project("{8BC9CEB8-8B4A-11D0-8D11-00A0C91BC942}") = "RoomEscape", "Intermediate\ProjectFiles\RoomEscape.vcxproj", "{5B00D83C-596A-4550-816E-692488C96C6D}"
EndProject
Global
	GlobalSection(SolutionConfigurationPlatforms) = preSolution
		DebugGame Editor|Win32 = DebugGame Editor|Win32
		DebugGame Editor|Win64 = DebugGame Editor|Win64
		DebugGame|Win32 = DebugGame|Win32
		DebugGame|Win64 = DebugGame|Win64
		Development Editor|Win32 = Development Editor|Win32
		Development Editor|Win64 = Development Editor|Win64
		Development|Win32 = Development|Win32
		Development|Win64 = Development|Win64
		Shipping|Win32 = Shipping|Win32
		Shipping|Win64 = Shipping|Win64
	EndGlobalSection
	GlobalSection(ProjectConfigurationPlatforms) = postSolution
		{F6FBE698-85A6-4E06-BA06-E48DC88490FD}.DebugGame Editor|Win32.ActiveCfg = BuiltWithUnrealBuildTool|Win32
		{F6FBE698-85A6-4E06-BA06-E48DC88490FD}.DebugGame Editor|Win32.Build.0 = BuiltWithUnrealBuildTool|Win32
		{F6FBE698-85A6-4E06-BA06-E48DC88490FD}.DebugGame Editor|Win64.ActiveCfg = BuiltWithUnrealBuildTool|Win32
		{F6FBE698-85A6-4E06-BA06-E48DC88490FD}.DebugGame Editor|Win64.Build.0 = BuiltWithUnrealBuildTool|Win32
		{F6FBE698-85A6-4E06-BA06-E48DC88490FD}.DebugGame|Win32.ActiveCfg = BuiltWithUnrealBuildTool|Win32
		{F6FBE698-85A6-4E06-BA06-E48DC88490FD}.DebugGame|Win32.Build.0 = BuiltWithUnrealBuildTool|Win32
		{F6FBE698-85A6-4E06-BA06-E48DC88490FD}.DebugGame|Win64.ActiveCfg = BuiltWithUnrealBuildTool|Win32
		{F6FBE698-85A6-4E06-BA06-E48DC88490FD}.DebugGame|Win64.Build.0 = BuiltWithUnrealBuildTool|Win32
		{F6FBE698-85A6-4E06-BA06-E48DC88490FD}.Development Editor|Win32.ActiveCfg = BuiltWithUnrealBuildTool|Win32
		{F6FBE698-85A6-4E06-BA06-E48DC88490FD}.Development Editor|Win32.Build.0 = BuiltWithUnrealBuildTool|Win32
		{F6FBE698-85A6-4E06-BA06-E48DC88490FD}.Development Editor|Win64.ActiveCfg = BuiltWithUnrealBuildTool|Win32
		{F6FBE698-85A6-4E06-BA06-E48DC88490FD}.Development Editor|Win64.Build.0 = BuiltWithUnrealBuildTool|Win32
		{F6FBE698-85A6-4E06-BA06-E48DC88490FD}.Development|Win32.ActiveCfg = BuiltWithUnrealBuildTool|Win32
		{F6FBE698-85A6-4E06-BA06-E48DC88490FD}.Development|Win32.Build.0 = BuiltWithUnrealBuildTool|Win32
		{F6FBE698-85A6-4E06-BA06-E48DC88490FD}.Development|Win64.ActiveCfg = BuiltWithUnrealBuildTool|Win32
		{F6FBE698-85A6-4E06-BA06-E48DC88490FD}.Development|Win64.Build.0 = BuiltWithUnrealBuildTool|Win32
		{F6FBE698-85A6-4E06-BA06-E48DC88490FD}.Shipping|Win32.ActiveCfg = BuiltWithUnrealBuildTool|Win32
		{F6FBE698-85A6-4E06-BA06-E48DC88490FD}.Shipping|Win32.Build.0 = BuiltWithUnrealBuildTool|Win32
		{F6FBE698-85A6-4E06-BA06-E48DC88490FD}.Shipping|Win64.ActiveCfg = BuiltWithUnrealBuildTool|Win32
		{F6FBE698-85A6-4E06-BA06-E48DC88490FD}.Shipping|Win64.Build.0 = BuiltWithUnrealBuildTool|Win32
		{5B00D83C-596A-4550-816E-692488C96C6D}.DebugGame Editor|Win32.ActiveCfg = DebugGame_Editor|Win32
		{5B00D83C-596A-4550-816E-692488C96C6D}.DebugGame Editor|Win64.ActiveCfg = DebugGame_Editor|x64
		{5B00D83C-596A-4550-816E-692488C96C6D}.DebugGame Editor|Win64.Build.0 = DebugGame_Editor|x64
		{5B00D83C-596A-4550-816E-692488C96C6D}.DebugGame|Win32.ActiveCfg = DebugGame_Game|Win32
		{5B00D83C-596A-4550-816E-692488C96C6D}.DebugGame|Win32.Build.0 = DebugGame_Game|Win32
		{5B00D83C-596A-4550-816E-692488C96C6D}.DebugGame|Win64.ActiveCfg = DebugGame_Game|x64
		{5B00D83C-596A-4550-816E-692488C96C6D}.DebugGame|Win64.Build.0 = DebugGame_Game|x64
		{5B00D83C-596A-4550-816E-692488C96C6D}.Development Editor|Win32.ActiveCfg = Development_Editor|Win32
		{5B00D83C-596A-4550-816E-692488C96C6D}.Development Editor|Win64.ActiveCfg = Development_Editor|x64
		{5B00D83C-596A-4550-816E-692488C96C6D}.Development Editor|Win64.Build.0 = Development_Editor|x64
		{5B00D83C-596A-4550-816E-692488C96C6D}.Development|Win32.ActiveCfg = Development_Game|Win32
		{5B00D83C-596A-4550-816E-692488C96C6D}.Development|Win32.Build.0 = Development_Game|Win32
		{5B00D83C-596A-4550-816E-692488C96C6D}.Development|Win64.ActiveCfg = Development_Game|x64
		{5B00D83C-596A-4550-816E-692488C96C6D}.Development|Win64.Build.0 = Development_Game|x64
		{5B00D83C-596A-4550-816E-692488C96C6D}.Shipping|Win32.ActiveCfg = Shipping_Game|Win32
		{5B00D83C-596A-4550-816E-692488C96C6D}.Shipping|Win32.Build.0 = Shipping_Game|Win32
		{5B00D83C-596A-4550-816E-692488C96C6D}.Shipping|Win64.ActiveCfg = Shipping_Game|x64
		{5B00D83C-596A-4550-816E-692488C96C6D}.Shipping|Win64.Build.0 = Shipping_Game|x64
	EndGlobalSection
	GlobalSection(SolutionProperties) = preSolution
		HideSolutionNode = FALSE
	EndGlobalSection
	GlobalSection(NestedProjects) = preSolution
		{F6FBE698-85A6-4E06-BA06-E48DC88490FD} = {9C374FCC-1A07-400E-B5FF-E9DA2C0073BF}
		{5B00D83C-596A-4550-816E-692488C96C6D} = {26E5F4B9-1CCE-4233-838B-180635A5CCF5}
	EndGlobalSection
EndGlobal
